
Microsoft Visual Studio Solution File, Format Version 12.00
# Visual Studio 15
Project("{FAE04EC0-301F-11D3-BF4B-00C04F79EFBC}") = "Assembly-CSharp", "Assembly-CSharp.csproj", "{1222276A-DD12-1B86-14A6-E6E1A5F27882}"
EndProject
Project("{FAE04EC0-301F-11D3-BF4B-00C04F79EFBC}") = "Assembly-CSharp-Editor", "Assembly-CSharp-Editor.csproj", "{1665FA9F-B06C-7466-7F4C-423D7C2A6DAA}"
EndProject
Global
	GlobalSection(SolutionConfigurationPlatforms) = preSolution
		Debug|Any CPU = Debug|Any CPU
		Release|Any CPU = Release|Any CPU
	EndGlobalSection
	GlobalSection(ProjectConfigurationPlatforms) = postSolution
		{1222276A-DD12-1B86-14A6-E6E1A5F27882}.Debug|Any CPU.ActiveCfg = Debug|Any CPU
		{1222276A-DD12-1B86-14A6-E6E1A5F27882}.Debug|Any CPU.Build.0 = Debug|Any CPU
		{1222276A-DD12-1B86-14A6-E6E1A5F27882}.Release|Any CPU.ActiveCfg = Release|Any CPU
		{1222276A-DD12-1B86-14A6-E6E1A5F27882}.Release|Any CPU.Build.0 = Release|Any CPU
		{1665FA9F-B06C-7466-7F4C-423D7C2A6DAA}.Debug|Any CPU.ActiveCfg = Debug|Any CPU
		{1665FA9F-B06C-7466-7F4C-423D7C2A6DAA}.Debug|Any CPU.Build.0 = Debug|Any CPU
		{1665FA9F-B06C-7466-7F4C-423D7C2A6DAA}.Release|Any CPU.ActiveCfg = Release|Any CPU
		{1665FA9F-B06C-7466-7F4C-423D7C2A6DAA}.Release|Any CPU.Build.0 = Release|Any CPU
	EndGlobalSection
	GlobalSection(SolutionProperties) = preSolution
		HideSolutionNode = FALSE
	EndGlobalSection
EndGlobal
